
Microsoft Visual Studio Solution File, Format Version 12.00
# Visual Studio Version 17
VisualStudioVersion = 17.11.35312.102
MinimumVisualStudioVersion = 10.0.40219.1
Project("{FAE04EC0-301F-11D3-BF4B-00C04F79EFBC}") = "DotNetVerticalSliceTemplate.Services.Product", "DotNetVerticalSliceTemplate.Services.Product\DotNetVerticalSliceTemplate.Services.Product.csproj", "{B9E2BC5F-84FF-4AEB-83A3-D0A853F69887}"
EndProject
Project("{FAE04EC0-301F-11D3-BF4B-00C04F79EFBC}") = "DotNetVerticalSliceTemplate.Services.Product.Api", "DotNetVerticalSliceTemplate.Services.Product.Api\DotNetVerticalSliceTemplate.Services.Product.Api.csproj", "{B6688DC0-FA8A-41CF-AB9F-E671673F9410}"
EndProject
Global
	GlobalSection(SolutionConfigurationPlatforms) = preSolution
		Debug|Any CPU = Debug|Any CPU
		Release|Any CPU = Release|Any CPU
	EndGlobalSection
	GlobalSection(ProjectConfigurationPlatforms) = postSolution
		{B9E2BC5F-84FF-4AEB-83A3-D0A853F69887}.Debug|Any CPU.ActiveCfg = Debug|Any CPU
		{B9E2BC5F-84FF-4AEB-83A3-D0A853F69887}.Debug|Any CPU.Build.0 = Debug|Any CPU
		{B9E2BC5F-84FF-4AEB-83A3-D0A853F69887}.Release|Any CPU.ActiveCfg = Release|Any CPU
		{B9E2BC5F-84FF-4AEB-83A3-D0A853F69887}.Release|Any CPU.Build.0 = Release|Any CPU
		{B6688DC0-FA8A-41CF-AB9F-E671673F9410}.Debug|Any CPU.ActiveCfg = Debug|Any CPU
		{B6688DC0-FA8A-41CF-AB9F-E671673F9410}.Debug|Any CPU.Build.0 = Debug|Any CPU
		{B6688DC0-FA8A-41CF-AB9F-E671673F9410}.Release|Any CPU.ActiveCfg = Release|Any CPU
		{B6688DC0-FA8A-41CF-AB9F-E671673F9410}.Release|Any CPU.Build.0 = Release|Any CPU
	EndGlobalSection
	GlobalSection(SolutionProperties) = preSolution
		HideSolutionNode = FALSE
	EndGlobalSection
	GlobalSection(ExtensibilityGlobals) = postSolution
		SolutionGuid = {0163E863-C489-42BA-8F4D-67AA85AF9DEE}
	EndGlobalSection
EndGlobal
